
Microsoft Visual Studio Solution File, Format Version 12.00
# Visual Studio Version 17
VisualStudioVersion = 17.4.33213.308
MinimumVisualStudioVersion = 10.0.40219.1
Project("{FAE04EC0-301F-11D3-BF4B-00C04F79EFBC}") = "EF_Project", "EF_Project\EF_Project.csproj", "{B4DDB26F-9B09-405E-A0C4-FCF59F573E42}"
EndProject
Global
	GlobalSection(SolutionConfigurationPlatforms) = preSolution
		Debug|Any CPU = Debug|Any CPU
		Release|Any CPU = Release|Any CPU
	EndGlobalSection
	GlobalSection(ProjectConfigurationPlatforms) = postSolution
		{B4DDB26F-9B09-405E-A0C4-FCF59F573E42}.Debug|Any CPU.ActiveCfg = Debug|Any CPU
		{B4DDB26F-9B09-405E-A0C4-FCF59F573E42}.Debug|Any CPU.Build.0 = Debug|Any CPU
		{B4DDB26F-9B09-405E-A0C4-FCF59F573E42}.Release|Any CPU.ActiveCfg = Release|Any CPU
		{B4DDB26F-9B09-405E-A0C4-FCF59F573E42}.Release|Any CPU.Build.0 = Release|Any CPU
	EndGlobalSection
	GlobalSection(SolutionProperties) = preSolution
		HideSolutionNode = FALSE
	EndGlobalSection
	GlobalSection(ExtensibilityGlobals) = postSolution
		SolutionGuid = {C3841A30-0771-44CA-B9A4-B4D3139B4AFF}
	EndGlobalSection
EndGlobal
